{
  "originHash" : "91e008cffbd9d65dd9d5a3e75c4da69e72f26583a4bd8a8b6d5ed558026a9a67",
  "pins" : [
    {
      "identity" : "clerk-convex-swift",
      "kind" : "remoteSourceControl",
      "location" : "https://github.com/clerk/clerk-convex-swift",
      "state" : {
        "revision" : "5c7e62ee329a00df0f9ed73462c54b069a7286ab",
        "version" : "0.1.0"
      }
    },
    {
      "identity" : "clerk-ios",
      "kind" : "remoteSourceControl",
      "location" : "https://github.com/clerk/clerk-ios.git",
      "state" : {
        "revision" : "1b58165de0b6519ed3fb226f41763b354bca95d5",
        "version" : "1.5.1"
      }
    },
    {
      "identity" : "convex-swift",
      "kind" : "remoteSourceControl",
      "location" : "https://github.com/get-convex/convex-swift",
      "state" : {
        "revision" : "125b71b2f8725931a5b0e8252f0799ef2adad120",
        "version" : "0.8.1"
      }
    },
    {
      "identity" : "nuke",
      "kind" : "remoteSourceControl",
      "location" : "https://github.com/kean/Nuke.git",
      "state" : {
        "revision" : "30f7a7e72e0607d304fbf69c799474bd5fb6d1ce",
        "version" : "13.2.0"
      }
    },
    {
      "identity" : "phonenumberkit",
      "kind" : "remoteSourceControl",
      "location" : "https://github.com/PhoneNumberKit/PhoneNumberKit",
      "state" : {
        "revision" : "cf2f1df6f2fe8b49701f4b43f0e97c7bd113d034",
        "version" : "5.0.8"
      }
    }
  ],
  "version" : 3
}
