{
  "originHash" : "63721c40a63cd825fe6dacce0ed2e7ff1f97404b72b454b2de6c3cf059190f80",
  "pins" : [
    {
      "identity" : "clerk-convex-swift",
      "kind" : "remoteSourceControl",
      "location" : "https://github.com/clerk/clerk-convex-swift",
      "state" : {
        "revision" : "5c7e62ee329a00df0f9ed73462c54b069a7286ab",
        "version" : "0.1.0"
      }
    },
    {
      "identity" : "clerk-ios",
      "kind" : "remoteSourceControl",
      "location" : "https://github.com/clerk/clerk-ios.git",
      "state" : {
        "revision" : "1b58165de0b6519ed3fb226f41763b354bca95d5",
        "version" : "1.5.1"
      }
    },
    {
      "identity" : "convex-swift",
      "kind" : "remoteSourceControl",
      "location" : "https://github.com/get-convex/convex-swift",
      "state" : {
        "revision" : "125b71b2f8725931a5b0e8252f0799ef2adad120",
        "version" : "0.8.1"
      }
    },
    {
      "identity" : "nuke",
      "kind" : "remoteSourceControl",
      "location" : "https://github.com/kean/Nuke.git",
      "state" : {
        "revision" : "30f7a7e72e0607d304fbf69c799474bd5fb6d1ce",
        "version" : "13.2.0"
      }
    },
    {
      "identity" : "phonenumberkit",
      "kind" : "remoteSourceControl",
      "location" : "https://github.com/PhoneNumberKit/PhoneNumberKit",
      "state" : {
        "revision" : "cf2f1df6f2fe8b49701f4b43f0e97c7bd113d034",
        "version" : "5.0.8"
      }
    },
    {
      "identity" : "purchases-ios-spm",
      "kind" : "remoteSourceControl",
      "location" : "https://github.com/RevenueCat/purchases-ios-spm.git",
      "state" : {
        "revision" : "249432af6b37a3665e26ea6f4ffc869dcd445f01",
        "version" : "5.43.0"
      }
    }
  ],
  "version" : 3
}
